{
  "name": "topogram-proof-real-component-system-map",
  "version": "0.1.0",
  "lockfileVersion": 3,
  "requires": true,
  "packages": {
    "": {
      "name": "topogram-proof-real-component-system-map",
      "version": "0.1.0",
      "devDependencies": {
        "@topogram/cli": "0.3.117",
        "@topogram/extractor-storybook-design": "github:attebury/topogram-extractor-storybook-design"
      }
    },
    "node_modules/@topogram/cli": {
      "version": "0.3.117",
      "resolved": "https://registry.npmjs.org/@topogram/cli/-/cli-0.3.117.tgz",
      "integrity": "sha512-nuHGJEErTDHqMVuWG5M2ivSb/j7kD/PWNJ4OBztVDOAPZprrIjecR/bqLmGiwR1RoGxAKf7agjkS6ByEW4lw3w==",
      "dev": true,
      "license": "Apache-2.0",
      "bin": {
        "topogram": "src/cli.js"
      },
      "engines": {
        "node": ">=20"
      }
    },
    "node_modules/@topogram/extractor-storybook-design": {
      "version": "0.1.1",
      "resolved": "git+ssh://git@github.com/attebury/topogram-extractor-storybook-design.git#91aa6833f8d0f6175b1858e805471f2c30619bc7",
      "dev": true,
      "license": "Apache-2.0"
    }
  }
}
